# This file is automatically @generated by Cargo.
# It is not intended for manual editing.
[[package]]
name = "lambda_lang"
version = "0.1.0"
dependencies = [
 "lang_parser",
]

[[package]]
name = "lang_parser"
version = "0.1.0"
source = "git+https://github.com/Monksc/ll1_parser.git?branch=main#3bd57c0845ec96e8b2d6cabc9177f2ce1f90fea3"
