# This file is automatically @generated by Cargo.
# It is not intended for manual editing.
[[package]]
name = "lambda_lang"
version = "0.1.0"
dependencies = [
 "lang_parser",
]

[[package]]
name = "lang_parser"
version = "0.1.0"
source = "git+https://github.com/Monksc/ll1_parser.git?branch=main#5da7a4467005b8fb551b43af4c785e483339e805"
